
Microsoft Visual Studio Solution File, Format Version 12.00
# Visual Studio 14
VisualStudioVersion = 14.0.23107.0
MinimumVisualStudioVersion = 10.0.40219.1
Project("{FAE04EC0-301F-11D3-BF4B-00C04F79EFBC}") = "Animals-SET", "Animals-SET\Animals-SET.csproj", "{30056AAB-BE69-497F-8025-C53440F0D3E3}"
EndProject
Project("{FAE04EC0-301F-11D3-BF4B-00C04F79EFBC}") = "Animals-SET.Tests", "Animals-SET.Tests\Animals-SET.Tests.csproj", "{05A9CCC9-9D80-4759-9CF0-CEF2FC2B1398}"
EndProject
Global
	GlobalSection(SolutionConfigurationPlatforms) = preSolution
		Debug|Any CPU = Debug|Any CPU
		Release|Any CPU = Release|Any CPU
	EndGlobalSection
	GlobalSection(ProjectConfigurationPlatforms) = postSolution
		{30056AAB-BE69-497F-8025-C53440F0D3E3}.Debug|Any CPU.ActiveCfg = Debug|Any CPU
		{30056AAB-BE69-497F-8025-C53440F0D3E3}.Debug|Any CPU.Build.0 = Debug|Any CPU
		{30056AAB-BE69-497F-8025-C53440F0D3E3}.Release|Any CPU.ActiveCfg = Release|Any CPU
		{30056AAB-BE69-497F-8025-C53440F0D3E3}.Release|Any CPU.Build.0 = Release|Any CPU
		{05A9CCC9-9D80-4759-9CF0-CEF2FC2B1398}.Debug|Any CPU.ActiveCfg = Debug|Any CPU
		{05A9CCC9-9D80-4759-9CF0-CEF2FC2B1398}.Debug|Any CPU.Build.0 = Debug|Any CPU
		{05A9CCC9-9D80-4759-9CF0-CEF2FC2B1398}.Release|Any CPU.ActiveCfg = Release|Any CPU
		{05A9CCC9-9D80-4759-9CF0-CEF2FC2B1398}.Release|Any CPU.Build.0 = Release|Any CPU
	EndGlobalSection
	GlobalSection(SolutionProperties) = preSolution
		HideSolutionNode = FALSE
	EndGlobalSection
EndGlobal
